
Microsoft Visual Studio Solution File, Format Version 12.00
# Visual Studio 15
VisualStudioVersion = 15.0.26124.0
MinimumVisualStudioVersion = 15.0.26124.0
Project("{FAE04EC0-301F-11D3-BF4B-00C04F79EFBC}") = "HttpFileRefresh", "HttpFileRefresh\HttpFileRefresh.csproj", "{8FFB0C63-434C-4BED-BF48-3CF463036869}"
EndProject
Project("{FAE04EC0-301F-11D3-BF4B-00C04F79EFBC}") = "HttpFileRefresh.ExampleApi", "HttpFileRefresh.ExampleApi\HttpFileRefresh.ExampleApi.csproj", "{A64E66CC-76FF-4A12-AA7F-C55FF5350EDE}"
EndProject
Project("{FAE04EC0-301F-11D3-BF4B-00C04F79EFBC}") = "HttpFileRefresh.ExampleConsole", "HttpFileRefresh.ExampleConsole\HttpFileRefresh.ExampleConsole.csproj", "{EDE8BF99-2C8A-44C7-9909-9130E73A8641}"
EndProject
Global
	GlobalSection(SolutionConfigurationPlatforms) = preSolution
		Debug|Any CPU = Debug|Any CPU
		Debug|x64 = Debug|x64
		Debug|x86 = Debug|x86
		Release|Any CPU = Release|Any CPU
		Release|x64 = Release|x64
		Release|x86 = Release|x86
	EndGlobalSection
	GlobalSection(SolutionProperties) = preSolution
		HideSolutionNode = FALSE
	EndGlobalSection
	GlobalSection(ProjectConfigurationPlatforms) = postSolution
		{8FFB0C63-434C-4BED-BF48-3CF463036869}.Debug|Any CPU.ActiveCfg = Debug|Any CPU
		{8FFB0C63-434C-4BED-BF48-3CF463036869}.Debug|Any CPU.Build.0 = Debug|Any CPU
		{8FFB0C63-434C-4BED-BF48-3CF463036869}.Debug|x64.ActiveCfg = Debug|Any CPU
		{8FFB0C63-434C-4BED-BF48-3CF463036869}.Debug|x64.Build.0 = Debug|Any CPU
		{8FFB0C63-434C-4BED-BF48-3CF463036869}.Debug|x86.ActiveCfg = Debug|Any CPU
		{8FFB0C63-434C-4BED-BF48-3CF463036869}.Debug|x86.Build.0 = Debug|Any CPU
		{8FFB0C63-434C-4BED-BF48-3CF463036869}.Release|Any CPU.ActiveCfg = Release|Any CPU
		{8FFB0C63-434C-4BED-BF48-3CF463036869}.Release|Any CPU.Build.0 = Release|Any CPU
		{8FFB0C63-434C-4BED-BF48-3CF463036869}.Release|x64.ActiveCfg = Release|Any CPU
		{8FFB0C63-434C-4BED-BF48-3CF463036869}.Release|x64.Build.0 = Release|Any CPU
		{8FFB0C63-434C-4BED-BF48-3CF463036869}.Release|x86.ActiveCfg = Release|Any CPU
		{8FFB0C63-434C-4BED-BF48-3CF463036869}.Release|x86.Build.0 = Release|Any CPU
		{A64E66CC-76FF-4A12-AA7F-C55FF5350EDE}.Debug|Any CPU.ActiveCfg = Debug|Any CPU
		{A64E66CC-76FF-4A12-AA7F-C55FF5350EDE}.Debug|Any CPU.Build.0 = Debug|Any CPU
		{A64E66CC-76FF-4A12-AA7F-C55FF5350EDE}.Debug|x64.ActiveCfg = Debug|Any CPU
		{A64E66CC-76FF-4A12-AA7F-C55FF5350EDE}.Debug|x64.Build.0 = Debug|Any CPU
		{A64E66CC-76FF-4A12-AA7F-C55FF5350EDE}.Debug|x86.ActiveCfg = Debug|Any CPU
		{A64E66CC-76FF-4A12-AA7F-C55FF5350EDE}.Debug|x86.Build.0 = Debug|Any CPU
		{A64E66CC-76FF-4A12-AA7F-C55FF5350EDE}.Release|Any CPU.ActiveCfg = Release|Any CPU
		{A64E66CC-76FF-4A12-AA7F-C55FF5350EDE}.Release|Any CPU.Build.0 = Release|Any CPU
		{A64E66CC-76FF-4A12-AA7F-C55FF5350EDE}.Release|x64.ActiveCfg = Release|Any CPU
		{A64E66CC-76FF-4A12-AA7F-C55FF5350EDE}.Release|x64.Build.0 = Release|Any CPU
		{A64E66CC-76FF-4A12-AA7F-C55FF5350EDE}.Release|x86.ActiveCfg = Release|Any CPU
		{A64E66CC-76FF-4A12-AA7F-C55FF5350EDE}.Release|x86.Build.0 = Release|Any CPU
		{EDE8BF99-2C8A-44C7-9909-9130E73A8641}.Debug|Any CPU.ActiveCfg = Debug|Any CPU
		{EDE8BF99-2C8A-44C7-9909-9130E73A8641}.Debug|Any CPU.Build.0 = Debug|Any CPU
		{EDE8BF99-2C8A-44C7-9909-9130E73A8641}.Debug|x64.ActiveCfg = Debug|Any CPU
		{EDE8BF99-2C8A-44C7-9909-9130E73A8641}.Debug|x64.Build.0 = Debug|Any CPU
		{EDE8BF99-2C8A-44C7-9909-9130E73A8641}.Debug|x86.ActiveCfg = Debug|Any CPU
		{EDE8BF99-2C8A-44C7-9909-9130E73A8641}.Debug|x86.Build.0 = Debug|Any CPU
		{EDE8BF99-2C8A-44C7-9909-9130E73A8641}.Release|Any CPU.ActiveCfg = Release|Any CPU
		{EDE8BF99-2C8A-44C7-9909-9130E73A8641}.Release|Any CPU.Build.0 = Release|Any CPU
		{EDE8BF99-2C8A-44C7-9909-9130E73A8641}.Release|x64.ActiveCfg = Release|Any CPU
		{EDE8BF99-2C8A-44C7-9909-9130E73A8641}.Release|x64.Build.0 = Release|Any CPU
		{EDE8BF99-2C8A-44C7-9909-9130E73A8641}.Release|x86.ActiveCfg = Release|Any CPU
		{EDE8BF99-2C8A-44C7-9909-9130E73A8641}.Release|x86.Build.0 = Release|Any CPU
	EndGlobalSection
EndGlobal
